<?xml version="1.0" encoding="utf-8"?>
<Project ToolsVersion="4.0" xmlns="http://schemas.microsoft.com/developer/msbuild/2003">
  <ItemGroup>
    <Filter Include="Shaders">
      <UniqueIdentifier>{D0D80F02-8665-46DC-BAAE-A30EDFEBF2F5}</UniqueIdentifier>
    </Filter>
    <Filter Include="Source Files">
      <UniqueIdentifier>{59EB8AB6-15F2-4F4A-AF06-02C1E6346924}</UniqueIdentifier>
    </Filter>
    <Filter Include="Shaders\D3D12">
      <UniqueIdentifier>{B1321134-531E-4D22-9394-0F829DD07A1C}</UniqueIdentifier>
    </Filter>
    <Filter Include="Shaders\Vulkan">
      <UniqueIdentifier>{803B26AF-7B2E-4061-BBB1-AB143EBDA71E}</UniqueIdentifier>
    </Filter>
  </ItemGroup>
  <ItemGroup>
    <ClCompile Include="..\src\00_testBed\00_testBed.cpp">
      <Filter>Source Files</Filter>
    </ClCompile>
  </ItemGroup>
  <ItemGroup>
    <None Include="..\src\00_testBed\Shaders\D3D12\basic.frag">
      <Filter>Shaders\D3D12</Filter>
    </None>
    <None Include="..\src\00_testBed\Shaders\D3D12\basic.vert">
      <Filter>Shaders\D3D12</Filter>
    </None>
    <None Include="..\src\00_testBed\Shaders\D3D12\floor.frag">
      <Filter>Shaders\D3D12</Filter>
    </None>
    <None Include="..\src\00_testBed\Shaders\D3D12\floor.vert">
      <Filter>Shaders\D3D12</Filter>
    </None>
    <None Include="..\src\00_testBed\Shaders\D3D12\FXAA.frag">
      <Filter>Shaders\D3D12</Filter>
    </None>
    <None Include="..\src\00_testBed\Shaders\D3D12\Triangular.vert">
      <Filter>Shaders\D3D12</Filter>
    </None>
    <None Include="..\src\00_testBed\Shaders\D3D12\vignette.frag">
      <Filter>Shaders\D3D12</Filter>
    </None>
    <None Include="..\src\00_testBed\Shaders\D3D12\watermark.frag">
      <Filter>Shaders\D3D12</Filter>
    </None>
    <None Include="..\src\00_testBed\Shaders\D3D12\watermark.vert">
      <Filter>Shaders\D3D12</Filter>
    </None>
    <None Include="..\src\00_testBed\Shaders\D3D12\zPass.vert">
      <Filter>Shaders\D3D12</Filter>
    </None>
    <None Include="..\src\00_testBed\Shaders\D3D12\zPassFloor.vert">
      <Filter>Shaders\D3D12</Filter>
    </None>
    <None Include="..\src\00_testBed\Shaders\Vulkan\basic.frag">
      <Filter>Shaders\Vulkan</Filter>
    </None>
    <None Include="..\src\00_testBed\Shaders\Vulkan\basic.vert">
      <Filter>Shaders\Vulkan</Filter>
    </None>
    <None Include="..\src\00_testBed\Shaders\Vulkan\basicMOBILE.frag">
      <Filter>Shaders\Vulkan</Filter>
    </None>
    <None Include="..\src\00_testBed\Shaders\Vulkan\floor.frag">
      <Filter>Shaders\Vulkan</Filter>
    </None>
    <None Include="..\src\00_testBed\Shaders\Vulkan\floor.vert">
      <Filter>Shaders\Vulkan</Filter>
    </None>
    <None Include="..\src\00_testBed\Shaders\Vulkan\floorMOBILE.frag">
      <Filter>Shaders\Vulkan</Filter>
    </None>
    <None Include="..\src\00_testBed\Shaders\Vulkan\FXAA.frag">
      <Filter>Shaders\Vulkan</Filter>
    </None>
    <None Include="..\src\00_testBed\Shaders\Vulkan\Triangular.vert">
      <Filter>Shaders\Vulkan</Filter>
    </None>
    <None Include="..\src\00_testBed\Shaders\Vulkan\vignette.frag">
      <Filter>Shaders\Vulkan</Filter>
    </None>
    <None Include="..\src\00_testBed\Shaders\Vulkan\watermark.frag">
      <Filter>Shaders\Vulkan</Filter>
    </None>
    <None Include="..\src\00_testBed\Shaders\Vulkan\watermark.vert">
      <Filter>Shaders\Vulkan</Filter>
    </None>
    <None Include="..\src\00_testBed\Shaders\Vulkan\zPass.vert">
      <Filter>Shaders\Vulkan</Filter>
    </None>
    <None Include="..\src\00_testBed\Shaders\Vulkan\zPassFloor.vert">
      <Filter>Shaders\Vulkan</Filter>
    </None>
  </ItemGroup>
  <ItemGroup>
    <ClInclude Include="..\..\..\Common_3\ThirdParty\OpenSource\cgltf\cgltf.h">
      <Filter>Source Files</Filter>
    </ClInclude>
  </ItemGroup>
</Project>